
Microsoft Visual Studio Solution File, Format Version 12.00
# Visual Studio Version 16
VisualStudioVersion = 16.0.28803.352
MinimumVisualStudioVersion = 10.0.40219.1
Project("{2150E333-8FDC-42A3-9474-1A3956D46DE8}") = "Transversal", "Transversal", "{A42E22A4-ADF4-40E1-B9DD-8CCEA0D77F5F}"
EndProject
Project("{2150E333-8FDC-42A3-9474-1A3956D46DE8}") = "Services", "Services", "{DC5C3CE7-7FFC-41A1-A597-B479C43B6080}"
EndProject
Project("{FAE04EC0-301F-11D3-BF4B-00C04F79EFBC}") = "Domain", "Domain\Domain.csproj", "{CA2B6938-A7AF-4335-BA82-D904012AB997}"
EndProject
Project("{2150E333-8FDC-42A3-9474-1A3956D46DE8}") = "Repositories", "Repositories", "{368ABD7D-0C30-40E5-ADAB-749457723ED5}"
EndProject
Project("{2150E333-8FDC-42A3-9474-1A3956D46DE8}") = "Business", "Business", "{A8BAAAD2-4C77-4341-BB47-B829CCFA0A82}"
EndProject
Project("{2150E333-8FDC-42A3-9474-1A3956D46DE8}") = "API", "API", "{CBD144C7-2193-4A85-90AC-04D891544F87}"
EndProject
Project("{2150E333-8FDC-42A3-9474-1A3956D46DE8}") = "Business.Test", "Business.Test", "{87416261-F3F8-4BD2-8F0D-3E5B273E5584}"
EndProject
Project("{FAE04EC0-301F-11D3-BF4B-00C04F79EFBC}") = "TODORepository", "TODORepository\TODORepository.csproj", "{25F229F8-76B0-4596-9311-A7BA89FC746A}"
EndProject
Project("{FAE04EC0-301F-11D3-BF4B-00C04F79EFBC}") = "TODOAPI", "TODOAPI\TODOAPI.csproj", "{27E51E0F-4A16-4F3C-8E7E-9B38F2F0BF2D}"
EndProject
Global
	GlobalSection(SolutionConfigurationPlatforms) = preSolution
		Debug|Any CPU = Debug|Any CPU
		Release|Any CPU = Release|Any CPU
	EndGlobalSection
	GlobalSection(ProjectConfigurationPlatforms) = postSolution
		{CA2B6938-A7AF-4335-BA82-D904012AB997}.Debug|Any CPU.ActiveCfg = Debug|Any CPU
		{CA2B6938-A7AF-4335-BA82-D904012AB997}.Debug|Any CPU.Build.0 = Debug|Any CPU
		{CA2B6938-A7AF-4335-BA82-D904012AB997}.Release|Any CPU.ActiveCfg = Release|Any CPU
		{CA2B6938-A7AF-4335-BA82-D904012AB997}.Release|Any CPU.Build.0 = Release|Any CPU
		{25F229F8-76B0-4596-9311-A7BA89FC746A}.Debug|Any CPU.ActiveCfg = Debug|Any CPU
		{25F229F8-76B0-4596-9311-A7BA89FC746A}.Debug|Any CPU.Build.0 = Debug|Any CPU
		{25F229F8-76B0-4596-9311-A7BA89FC746A}.Release|Any CPU.ActiveCfg = Release|Any CPU
		{25F229F8-76B0-4596-9311-A7BA89FC746A}.Release|Any CPU.Build.0 = Release|Any CPU
		{27E51E0F-4A16-4F3C-8E7E-9B38F2F0BF2D}.Debug|Any CPU.ActiveCfg = Debug|Any CPU
		{27E51E0F-4A16-4F3C-8E7E-9B38F2F0BF2D}.Debug|Any CPU.Build.0 = Debug|Any CPU
		{27E51E0F-4A16-4F3C-8E7E-9B38F2F0BF2D}.Release|Any CPU.ActiveCfg = Release|Any CPU
		{27E51E0F-4A16-4F3C-8E7E-9B38F2F0BF2D}.Release|Any CPU.Build.0 = Release|Any CPU
	EndGlobalSection
	GlobalSection(SolutionProperties) = preSolution
		HideSolutionNode = FALSE
	EndGlobalSection
	GlobalSection(NestedProjects) = preSolution
		{CA2B6938-A7AF-4335-BA82-D904012AB997} = {A42E22A4-ADF4-40E1-B9DD-8CCEA0D77F5F}
		{368ABD7D-0C30-40E5-ADAB-749457723ED5} = {DC5C3CE7-7FFC-41A1-A597-B479C43B6080}
		{A8BAAAD2-4C77-4341-BB47-B829CCFA0A82} = {DC5C3CE7-7FFC-41A1-A597-B479C43B6080}
		{CBD144C7-2193-4A85-90AC-04D891544F87} = {DC5C3CE7-7FFC-41A1-A597-B479C43B6080}
		{87416261-F3F8-4BD2-8F0D-3E5B273E5584} = {DC5C3CE7-7FFC-41A1-A597-B479C43B6080}
		{25F229F8-76B0-4596-9311-A7BA89FC746A} = {368ABD7D-0C30-40E5-ADAB-749457723ED5}
		{27E51E0F-4A16-4F3C-8E7E-9B38F2F0BF2D} = {CBD144C7-2193-4A85-90AC-04D891544F87}
	EndGlobalSection
	GlobalSection(ExtensibilityGlobals) = postSolution
		SolutionGuid = {22CD5818-52DB-495A-ACDC-F0784A0BE2E4}
	EndGlobalSection
EndGlobal
